{
  "name": "mzfw",
  "version": "1.0.0",
  "lockfileVersion": 3,
  "requires": true,
  "packages": {
    "": {
      "name": "mzfw",
      "version": "1.0.0",
      "license": "ISC",
      "dependencies": {
        "zosx": "^0.2.1"
      }
    },
    "node_modules/zosx": {
      "version": "0.2.1",
      "resolved": "https://registry.npmjs.org/zosx/-/zosx-0.2.1.tgz",
      "integrity": "sha512-oVrXlE+o37IFo09meIiGnCpv/vDCcrEwsQTfFQ0qPNpQ1bUx8jG/NhbUFCMUCdWgrKFRQ+elVOKt7RFkTksw/A=="
    }
  }
}
